
Microsoft Visual Studio Solution File, Format Version 12.00
# Visual Studio Version 16
VisualStudioVersion = 16.0.32510.428
MinimumVisualStudioVersion = 10.0.40219.1
Project("{FAE04EC0-301F-11D3-BF4B-00C04F79EFBC}") = "HolePlugin", "HolePlugin.csproj", "{768D7E13-93DC-48F0-AB94-EB1ED203B9A5}"
EndProject
Global
	GlobalSection(SolutionConfigurationPlatforms) = preSolution
		Debug|Any CPU = Debug|Any CPU
		Release|Any CPU = Release|Any CPU
	EndGlobalSection
	GlobalSection(ProjectConfigurationPlatforms) = postSolution
		{768D7E13-93DC-48F0-AB94-EB1ED203B9A5}.Debug|Any CPU.ActiveCfg = Debug|Any CPU
		{768D7E13-93DC-48F0-AB94-EB1ED203B9A5}.Debug|Any CPU.Build.0 = Debug|Any CPU
		{768D7E13-93DC-48F0-AB94-EB1ED203B9A5}.Release|Any CPU.ActiveCfg = Release|Any CPU
		{768D7E13-93DC-48F0-AB94-EB1ED203B9A5}.Release|Any CPU.Build.0 = Release|Any CPU
	EndGlobalSection
	GlobalSection(SolutionProperties) = preSolution
		HideSolutionNode = FALSE
	EndGlobalSection
	GlobalSection(ExtensibilityGlobals) = postSolution
		SolutionGuid = {23FA47A2-EF5D-437F-8D3E-85777B11A744}
	EndGlobalSection
EndGlobal
